
Microsoft Visual Studio Solution File, Format Version 12.00
# Visual Studio Version 16
VisualStudioVersion = 16.0.32413.511
MinimumVisualStudioVersion = 10.0.40219.1
Project("{9A19103F-16F7-4668-BE54-9A1E7A4F7556}") = "JustLargePackage", "JustLargePackage\JustLargePackage.csproj", "{6643D750-FF6A-4E79-AC5C-31A72E0F031E}"
EndProject
Project("{9A19103F-16F7-4668-BE54-9A1E7A4F7556}") = "LargeContentGenerator", "LargeContentGenerator\LargeContentGenerator.csproj", "{ECBB63D2-5C3A-49EF-85FD-44AB6D2E2687}"
EndProject
Global
	GlobalSection(SolutionConfigurationPlatforms) = preSolution
		Debug|Any CPU = Debug|Any CPU
		Release|Any CPU = Release|Any CPU
	EndGlobalSection
	GlobalSection(ProjectConfigurationPlatforms) = postSolution
		{6643D750-FF6A-4E79-AC5C-31A72E0F031E}.Debug|Any CPU.ActiveCfg = Debug|Any CPU
		{6643D750-FF6A-4E79-AC5C-31A72E0F031E}.Debug|Any CPU.Build.0 = Debug|Any CPU
		{6643D750-FF6A-4E79-AC5C-31A72E0F031E}.Release|Any CPU.ActiveCfg = Release|Any CPU
		{6643D750-FF6A-4E79-AC5C-31A72E0F031E}.Release|Any CPU.Build.0 = Release|Any CPU
		{ECBB63D2-5C3A-49EF-85FD-44AB6D2E2687}.Debug|Any CPU.ActiveCfg = Debug|Any CPU
		{ECBB63D2-5C3A-49EF-85FD-44AB6D2E2687}.Debug|Any CPU.Build.0 = Debug|Any CPU
		{ECBB63D2-5C3A-49EF-85FD-44AB6D2E2687}.Release|Any CPU.ActiveCfg = Release|Any CPU
		{ECBB63D2-5C3A-49EF-85FD-44AB6D2E2687}.Release|Any CPU.Build.0 = Release|Any CPU
	EndGlobalSection
	GlobalSection(SolutionProperties) = preSolution
		HideSolutionNode = FALSE
	EndGlobalSection
	GlobalSection(ExtensibilityGlobals) = postSolution
		SolutionGuid = {EAB41DB3-3045-44B8-8B0E-7AB70F3A3ED4}
	EndGlobalSection
EndGlobal
