
Microsoft Visual Studio Solution File, Format Version 12.00
# Visual Studio Version 17
VisualStudioVersion = 17.3.32419.371
MinimumVisualStudioVersion = 10.0.40219.1
Project("{9A19103F-16F7-4668-BE54-9A1E7A4F7556}") = "JustLargePackage", "JustLargePackage.csproj", "{FB11E390-2560-4B64-9B75-D06C617052F2}"
EndProject
Project("{9A19103F-16F7-4668-BE54-9A1E7A4F7556}") = "LargeContentGenerator", "..\LargeContentGenerator\LargeContentGenerator.csproj", "{A1147AE5-98AC-4CE7-9D77-89A5152B23EC}"
EndProject
Global
	GlobalSection(SolutionConfigurationPlatforms) = preSolution
		Debug|Any CPU = Debug|Any CPU
		Release|Any CPU = Release|Any CPU
	EndGlobalSection
	GlobalSection(ProjectConfigurationPlatforms) = postSolution
		{FB11E390-2560-4B64-9B75-D06C617052F2}.Debug|Any CPU.ActiveCfg = Debug|Any CPU
		{FB11E390-2560-4B64-9B75-D06C617052F2}.Debug|Any CPU.Build.0 = Debug|Any CPU
		{FB11E390-2560-4B64-9B75-D06C617052F2}.Release|Any CPU.ActiveCfg = Release|Any CPU
		{FB11E390-2560-4B64-9B75-D06C617052F2}.Release|Any CPU.Build.0 = Release|Any CPU
		{A1147AE5-98AC-4CE7-9D77-89A5152B23EC}.Debug|Any CPU.ActiveCfg = Debug|Any CPU
		{A1147AE5-98AC-4CE7-9D77-89A5152B23EC}.Debug|Any CPU.Build.0 = Debug|Any CPU
		{A1147AE5-98AC-4CE7-9D77-89A5152B23EC}.Release|Any CPU.ActiveCfg = Release|Any CPU
		{A1147AE5-98AC-4CE7-9D77-89A5152B23EC}.Release|Any CPU.Build.0 = Release|Any CPU
	EndGlobalSection
	GlobalSection(SolutionProperties) = preSolution
		HideSolutionNode = FALSE
	EndGlobalSection
	GlobalSection(ExtensibilityGlobals) = postSolution
		SolutionGuid = {EAB41DB3-3045-44B8-8B0E-7AB70F3A3ED4}
	EndGlobalSection
EndGlobal
